
Microsoft Visual Studio Solution File, Format Version 12.00
# Visual Studio Version 16
VisualStudioVersion = 16.0.32228.343
MinimumVisualStudioVersion = 10.0.40219.1
Project("{FAE04EC0-301F-11D3-BF4B-00C04F79EFBC}") = "QuadraticEquationSolver", "QuadraticEquationSolver\QuadraticEquationSolver.csproj", "{19E49BB5-DD65-43FF-9597-4741D7EAB6D8}"
EndProject
Global
	GlobalSection(SolutionConfigurationPlatforms) = preSolution
		Debug|Any CPU = Debug|Any CPU
		Release|Any CPU = Release|Any CPU
	EndGlobalSection
	GlobalSection(ProjectConfigurationPlatforms) = postSolution
		{19E49BB5-DD65-43FF-9597-4741D7EAB6D8}.Debug|Any CPU.ActiveCfg = Debug|Any CPU
		{19E49BB5-DD65-43FF-9597-4741D7EAB6D8}.Debug|Any CPU.Build.0 = Debug|Any CPU
		{19E49BB5-DD65-43FF-9597-4741D7EAB6D8}.Release|Any CPU.ActiveCfg = Release|Any CPU
		{19E49BB5-DD65-43FF-9597-4741D7EAB6D8}.Release|Any CPU.Build.0 = Release|Any CPU
	EndGlobalSection
	GlobalSection(SolutionProperties) = preSolution
		HideSolutionNode = FALSE
	EndGlobalSection
	GlobalSection(ExtensibilityGlobals) = postSolution
		SolutionGuid = {5FE303C2-BD55-4D01-A630-C3D504C6E4E3}
	EndGlobalSection
EndGlobal
